// !$*UTF8*$!
{
	archiveVersion = 1;
	classes = {
	};
	objectVersion = 56;
	objects = {

/* Begin PBXBuildFile section */
		3324CCCD2B8E492E007E2770 /* to_do_listApp.swift in Sources */ = {isa = PBXBuildFile; fileRef = 3324CCCC2B8E492E007E2770 /* to_do_listApp.swift */; };
		3324CCCF2B8E492E007E2770 /* ContentView.swift in Sources */ = {isa = PBXBuildFile; fileRef = 3324CCCE2B8E492E007E2770 /* ContentView.swift */; };
		3324CCD12B8E4930007E2770 /* Assets.xcassets in Resources */ = {isa = PBXBuildFile; fileRef = 3324CCD02B8E4930007E2770 /* Assets.xcassets */; };
		3324CCD42B8E4930007E2770 /* Preview Assets.xcassets in Resources */ = {isa = PBXBuildFile; fileRef = 3324CCD32B8E4930007E2770 /* Preview Assets.xcassets */; };
		3324CCDE2B8E4930007E2770 /* to_do_listTests.swift in Sources */ = {isa = PBXBuildFile; fileRef = 3324CCDD2B8E4930007E2770 /* to_do_listTests.swift */; };
		3324CCE82B8E4930007E2770 /* to_do_listUITests.swift in Sources */ = {isa = PBXBuildFile; fileRef = 3324CCE72B8E4930007E2770 /* to_do_listUITests.swift */; };
		3324CCEA2B8E4930007E2770 /* to_do_listUITestsLaunchTests.swift in Sources */ = {isa = PBXBuildFile; fileRef = 3324CCE92B8E4930007E2770 /* to_do_listUITestsLaunchTests.swift */; };
/* End PBXBuildFile section */

/* Begin PBXContainerItemProxy section */
		3324CCDA2B8E4930007E2770 /* PBXContainerItemProxy */ = {
			isa = PBXContainerItemProxy;
			containerPortal = 3324CCC12B8E492E007E2770 /* Project object */;
			proxyType = 1;
			remoteGlobalIDString = 3324CCC82B8E492E007E2770;
			remoteInfo = "to do list";
		};
		3324CCE42B8E4930007E2770 /* PBXContainerItemProxy */ = {
			isa = PBXContainerItemProxy;
			containerPortal = 3324CCC12B8E492E007E2770 /* Project object */;
			proxyType = 1;
			remoteGlobalIDString = 3324CCC82B8E492E007E2770;
			remoteInfo = "to do list";
		};
/* End PBXContainerItemProxy section */

/* Begin PBXFileReference section */
		3324CCC92B8E492E007E2770 /* to do list.app */ = {isa = PBXFileReference; explicitFileType = wrapper.application; includeInIndex = 0; path = "to do list.app"; sourceTree = BUILT_PRODUCTS_DIR; };
		3324CCCC2B8E492E007E2770 /* to_do_listApp.swift */ = {isa = PBXFileReference; lastKnownFileType = sourcecode.swift; path = to_do_listApp.swift; sourceTree = "<group>"; };
		3324CCCE2B8E492E007E2770 /* ContentView.swift */ = {isa = PBXFileReference; lastKnownFileType = sourcecode.swift; path = ContentView.swift; sourceTree = "<group>"; };
		3324CCD02B8E4930007E2770 /* Assets.xcassets */ = {isa = PBXFileReference; lastKnownFileType = folder.assetcatalog; path = Assets.xcassets; sourceTree = "<group>"; };
		3324CCD32B8E4930007E2770 /* Preview Assets.xcassets */ = {isa = PBXFileReference; lastKnownFileType = folder.assetcatalog; path = "Preview Assets.xcassets"; sourceTree = "<group>"; };
		3324CCD92B8E4930007E2770 /* to do listTests.xctest */ = {isa = PBXFileReference; explicitFileType = wrapper.cfbundle; includeInIndex = 0; path = "to do listTests.xctest"; sourceTree = BUILT_PRODUCTS_DIR; };
		3324CCDD2B8E4930007E2770 /* to_do_listTests.swift */ = {isa = PBXFileReference; lastKnownFileType = sourcecode.swift; path = to_do_listTests.swift; sourceTree = "<group>"; };
		3324CCE32B8E4930007E2770 /* to do listUITests.xctest */ = {isa = PBXFileReference; explicitFileType = wrapper.cfbundle; includeInIndex = 0; path = "to do listUITests.xctest"; sourceTree = BUILT_PRODUCTS_DIR; };
		3324CCE72B8E4930007E2770 /* to_do_listUITests.swift */ = {isa = PBXFileReference; lastKnownFileType = sourcecode.swift; path = to_do_listUITests.swift; sourceTree = "<group>"; };
		3324CCE92B8E4930007E2770 /* to_do_listUITestsLaunchTests.swift */ = {isa = PBXFileReference; lastKnownFileType = sourcecode.swift; path = to_do_listUITestsLaunchTests.swift; sourceTree = "<group>"; };
/* End PBXFileReference section */

/* Begin PBXFrameworksBuildPhase section */
		3324CCC62B8E492E007E2770 /* Frameworks */ = {
			isa = PBXFrameworksBuildPhase;
			buildActionMask = 2147483647;
			files = (
			);
			runOnlyForDeploymentPostprocessing = 0;
		};
		3324CCD62B8E4930007E2770 /* Frameworks */ = {
			isa = PBXFrameworksBuildPhase;
			buildActionMask = 2147483647;
			files = (
			);
			runOnlyForDeploymentPostprocessing = 0;
		};
		3324CCE02B8E4930007E2770 /* Frameworks */ = {
			isa = PBXFrameworksBuildPhase;
			buildActionMask = 2147483647;
			files = (
			);
			runOnlyForDeploymentPostprocessing = 0;
		};
/* End PBXFrameworksBuildPhase section */

/* Begin PBXGroup section */
		3324CCC02B8E492E007E2770 = {
			isa = PBXGroup;
			children = (
				3324CCCB2B8E492E007E2770 /* to do list */,
				3324CCDC2B8E4930007E2770 /* to do listTests */,
				3324CCE62B8E4930007E2770 /* to do listUITests */,
				3324CCCA2B8E492E007E2770 /* Products */,
			);
			sourceTree = "<group>";
		};
		3324CCCA2B8E492E007E2770 /* Products */ = {
			isa = PBXGroup;
			children = (
				3324CCC92B8E492E007E2770 /* to do list.app */,
				3324CCD92B8E4930007E2770 /* to do listTests.xctest */,
				3324CCE32B8E4930007E2770 /* to do listUITests.xctest */,
			);
			name = Products;
			sourceTree = "<group>";
		};
		3324CCCB2B8E492E007E2770 /* to do list */ = {
			isa = PBXGroup;
			children = (
				3324CCCC2B8E492E007E2770 /* to_do_listApp.swift */,
				3324CCCE2B8E492E007E2770 /* ContentView.swift */,
				3324CCD02B8E4930007E2770 /* Assets.xcassets */,
				3324CCD22B8E4930007E2770 /* Preview Content */,
			);
			path = "to do list";
			sourceTree = "<group>";
		};
		3324CCD22B8E4930007E2770 /* Preview Content */ = {
			isa = PBXGroup;
			children = (
				3324CCD32B8E4930007E2770 /* Preview Assets.xcassets */,
			);
			path = "Preview Content";
			sourceTree = "<group>";
		};
		3324CCDC2B8E4930007E2770 /* to do listTests */ = {
			isa = PBXGroup;
			children = (
				3324CCDD2B8E4930007E2770 /* to_do_listTests.swift */,
			);
			path = "to do listTests";
			sourceTree = "<group>";
		};
		3324CCE62B8E4930007E2770 /* to do listUITests */ = {
			isa = PBXGroup;
			children = (
				3324CCE72B8E4930007E2770 /* to_do_listUITests.swift */,
				3324CCE92B8E4930007E2770 /* to_do_listUITestsLaunchTests.swift */,
			);
			path = "to do listUITests";
			sourceTree = "<group>";
		};
/* End PBXGroup section */

/* Begin PBXNativeTarget section */
		3324CCC82B8E492E007E2770 /* to do list */ = {
			isa = PBXNativeTarget;
			buildConfigurationList = 3324CCED2B8E4930007E2770 /* Build configuration list for PBXNativeTarget "to do list" */;
			buildPhases = (
				3324CCC52B8E492E007E2770 /* Sources */,
				3324CCC62B8E492E007E2770 /* Frameworks */,
				3324CCC72B8E492E007E2770 /* Resources */,
			);
			buildRules = (
			);
			dependencies = (
			);
			name = "to do list";
			productName = "to do list";
			productReference = 3324CCC92B8E492E007E2770 /* to do list.app */;
			productType = "com.apple.product-type.application";
		};
		3324CCD82B8E4930007E2770 /* to do listTests */ = {
			isa = PBXNativeTarget;
			buildConfigurationList = 3324CCF02B8E4930007E2770 /* Build configuration list for PBXNativeTarget "to do listTests" */;
			buildPhases = (
				3324CCD52B8E4930007E2770 /* Sources */,
				3324CCD62B8E4930007E2770 /* Frameworks */,
				3324CCD72B8E4930007E2770 /* Resources */,
			);
			buildRules = (
			);
			dependencies = (
				3324CCDB2B8E4930007E2770 /* PBXTargetDependency */,
			);
			name = "to do listTests";
			productName = "to do listTests";
			productReference = 3324CCD92B8E4930007E2770 /* to do listTests.xctest */;
			productType = "com.apple.product-type.bundle.unit-test";
		};
		3324CCE22B8E4930007E2770 /* to do listUITests */ = {
			isa = PBXNativeTarget;
			buildConfigurationList = 3324CCF32B8E4930007E2770 /* Build configuration list for PBXNativeTarget "to do listUITests" */;
			buildPhases = (
				3324CCDF2B8E4930007E2770 /* Sources */,
				3324CCE02B8E4930007E2770 /* Frameworks */,
				3324CCE12B8E4930007E2770 /* Resources */,
			);
			buildRules = (
			);
			dependencies = (
				3324CCE52B8E4930007E2770 /* PBXTargetDependency */,
			);
			name = "to do listUITests";
			productName = "to do listUITests";
			productReference = 3324CCE32B8E4930007E2770 /* to do listUITests.xctest */;
			productType = "com.apple.product-type.bundle.ui-testing";
		};
/* End PBXNativeTarget section */

/* Begin PBXProject section */
		3324CCC12B8E492E007E2770 /* Project object */ = {
			isa = PBXProject;
			attributes = {
				BuildIndependentTargetsInParallel = 1;
				LastSwiftUpdateCheck = 1510;
				LastUpgradeCheck = 1510;
				TargetAttributes = {
					3324CCC82B8E492E007E2770 = {
						CreatedOnToolsVersion = 15.1;
					};
					3324CCD82B8E4930007E2770 = {
						CreatedOnToolsVersion = 15.1;
						TestTargetID = 3324CCC82B8E492E007E2770;
					};
					3324CCE22B8E4930007E2770 = {
						CreatedOnToolsVersion = 15.1;
						TestTargetID = 3324CCC82B8E492E007E2770;
					};
				};
			};
			buildConfigurationList = 3324CCC42B8E492E007E2770 /* Build configuration list for PBXProject "to do list" */;
			compatibilityVersion = "Xcode 14.0";
			developmentRegion = en;
			hasScannedForEncodings = 0;
			knownRegions = (
				en,
				Base,
			);
			mainGroup = 3324CCC02B8E492E007E2770;
			productRefGroup = 3324CCCA2B8E492E007E2770 /* Products */;
			projectDirPath = "";
			projectRoot = "";
			targets = (
				3324CCC82B8E492E007E2770 /* to do list */,
				3324CCD82B8E4930007E2770 /* to do listTests */,
				3324CCE22B8E4930007E2770 /* to do listUITests */,
			);
		};
/* End PBXProject section */

/* Begin PBXResourcesBuildPhase section */
		3324CCC72B8E492E007E2770 /* Resources */ = {
			isa = PBXResourcesBuildPhase;
			buildActionMask = 2147483647;
			files = (
				3324CCD42B8E4930007E2770 /* Preview Assets.xcassets in Resources */,
				3324CCD12B8E4930007E2770 /* Assets.xcassets in Resources */,
			);
			runOnlyForDeploymentPostprocessing = 0;
		};
		3324CCD72B8E4930007E2770 /* Resources */ = {
			isa = PBXResourcesBuildPhase;
			buildActionMask = 2147483647;
			files = (
			);
			runOnlyForDeploymentPostprocessing = 0;
		};
		3324CCE12B8E4930007E2770 /* Resources */ = {
			isa = PBXResourcesBuildPhase;
			buildActionMask = 2147483647;
			files = (
			);
			runOnlyForDeploymentPostprocessing = 0;
		};
/* End PBXResourcesBuildPhase section */

/* Begin PBXSourcesBuildPhase section */
		3324CCC52B8E492E007E2770 /* Sources */ = {
			isa = PBXSourcesBuildPhase;
			buildActionMask = 2147483647;
			files = (
				3324CCCF2B8E492E007E2770 /* ContentView.swift in Sources */,
				3324CCCD2B8E492E007E2770 /* to_do_listApp.swift in Sources */,
			);
			runOnlyForDeploymentPostprocessing = 0;
		};
		3324CCD52B8E4930007E2770 /* Sources */ = {
			isa = PBXSourcesBuildPhase;
			buildActionMask = 2147483647;
			files = (
				3324CCDE2B8E4930007E2770 /* to_do_listTests.swift in Sources */,
			);
			runOnlyForDeploymentPostprocessing = 0;
		};
		3324CCDF2B8E4930007E2770 /* Sources */ = {
			isa = PBXSourcesBuildPhase;
			buildActionMask = 2147483647;
			files = (
				3324CCEA2B8E4930007E2770 /* to_do_listUITestsLaunchTests.swift in Sources */,
				3324CCE82B8E4930007E2770 /* to_do_listUITests.swift in Sources */,
			);
			runOnlyForDeploymentPostprocessing = 0;
		};
/* End PBXSourcesBuildPhase section */

/* Begin PBXTargetDependency section */
		3324CCDB2B8E4930007E2770 /* PBXTargetDependency */ = {
			isa = PBXTargetDependency;
			target = 3324CCC82B8E492E007E2770 /* to do list */;
			targetProxy = 3324CCDA2B8E4930007E2770 /* PBXContainerItemProxy */;
		};
		3324CCE52B8E4930007E2770 /* PBXTargetDependency */ = {
			isa = PBXTargetDependency;
			target = 3324CCC82B8E492E007E2770 /* to do list */;
			targetProxy = 3324CCE42B8E4930007E2770 /* PBXContainerItemProxy */;
		};
/* End PBXTargetDependency section */

/* Begin XCBuildConfiguration section */
		3324CCEB2B8E4930007E2770 /* Debug */ = {
			isa = XCBuildConfiguration;
			buildSettings = {
				ALWAYS_SEARCH_USER_PATHS = NO;
				ASSETCATALOG_COMPILER_GENERATE_SWIFT_ASSET_SYMBOL_EXTENSIONS = YES;
				CLANG_ANALYZER_NONNULL = YES;
				CLANG_ANALYZER_NUMBER_OBJECT_CONVERSION = YES_AGGRESSIVE;
				CLANG_CXX_LANGUAGE_STANDARD = "gnu++20";
				CLANG_ENABLE_MODULES = YES;
				CLANG_ENABLE_OBJC_ARC = YES;
				CLANG_ENABLE_OBJC_WEAK = YES;
				CLANG_WARN_BLOCK_CAPTURE_AUTORELEASING = YES;
				CLANG_WARN_BOOL_CONVERSION = YES;
				CLANG_WARN_COMMA = YES;
				CLANG_WARN_CONSTANT_CONVERSION = YES;
				CLANG_WARN_DEPRECATED_OBJC_IMPLEMENTATIONS = YES;
				CLANG_WARN_DIRECT_OBJC_ISA_USAGE = YES_ERROR;
				CLANG_WARN_DOCUMENTATION_COMMENTS = YES;
				CLANG_WARN_EMPTY_BODY = YES;
				CLANG_WARN_ENUM_CONVERSION = YES;
				CLANG_WARN_INFINITE_RECURSION = YES;
				CLANG_WARN_INT_CONVERSION = YES;
				CLANG_WARN_NON_LITERAL_NULL_CONVERSION = YES;
				CLANG_WARN_OBJC_IMPLICIT_RETAIN_SELF = YES;
				CLANG_WARN_OBJC_LITERAL_CONVERSION = YES;
				CLANG_WARN_OBJC_ROOT_CLASS = YES_ERROR;
				CLANG_WARN_QUOTED_INCLUDE_IN_FRAMEWORK_HEADER = YES;
				CLANG_WARN_RANGE_LOOP_ANALYSIS = YES;
				CLANG_WARN_STRICT_PROTOTYPES = YES;
				CLANG_WARN_SUSPICIOUS_MOVE = YES;
				CLANG_WARN_UNGUARDED_AVAILABILITY = YES_AGGRESSIVE;
				CLANG_WARN_UNREACHABLE_CODE = YES;
				CLANG_WARN__DUPLICATE_METHOD_MATCH = YES;
				COPY_PHASE_STRIP = NO;
				DEBUG_INFORMATION_FORMAT = dwarf;
				ENABLE_STRICT_OBJC_MSGSEND = YES;
				ENABLE_TESTABILITY = YES;
				ENABLE_USER_SCRIPT_SANDBOXING = YES;
				GCC_C_LANGUAGE_STANDARD = gnu17;
				GCC_DYNAMIC_NO_PIC = NO;
				GCC_NO_COMMON_BLOCKS = YES;
				GCC_OPTIMIZATION_LEVEL = 0;
				GCC_PREPROCESSOR_DEFINITIONS = (
					"DEBUG=1",
					"$(inherited)",
				);
				GCC_WARN_64_TO_32_BIT_CONVERSION = YES;
				GCC_WARN_ABOUT_RETURN_TYPE = YES_ERROR;
				GCC_WARN_UNDECLARED_SELECTOR = YES;
				GCC_WARN_UNINITIALIZED_AUTOS = YES_AGGRESSIVE;
				GCC_WARN_UNUSED_FUNCTION = YES;
				GCC_WARN_UNUSED_VARIABLE = YES;
				IPHONEOS_DEPLOYMENT_TARGET = 17.2;
				LOCALIZATION_PREFERS_STRING_CATALOGS = YES;
				MTL_ENABLE_DEBUG_INFO = INCLUDE_SOURCE;
				MTL_FAST_MATH = YES;
				ONLY_ACTIVE_ARCH = YES;
				SDKROOT = iphoneos;
				SWIFT_ACTIVE_COMPILATION_CONDITIONS = "DEBUG $(inherited)";
				SWIFT_OPTIMIZATION_LEVEL = "-Onone";
			};
			name = Debug;
		};
		3324CCEC2B8E4930007E2770 /* Release */ = {
			isa = XCBuildConfiguration;
			buildSettings = {
				ALWAYS_SEARCH_USER_PATHS = NO;
				ASSETCATALOG_COMPILER_GENERATE_SWIFT_ASSET_SYMBOL_EXTENSIONS = YES;
				CLANG_ANALYZER_NONNULL = YES;
				CLANG_ANALYZER_NUMBER_OBJECT_CONVERSION = YES_AGGRESSIVE;
				CLANG_CXX_LANGUAGE_STANDARD = "gnu++20";
				CLANG_ENABLE_MODULES = YES;
				CLANG_ENABLE_OBJC_ARC = YES;
				CLANG_ENABLE_OBJC_WEAK = YES;
				CLANG_WARN_BLOCK_CAPTURE_AUTORELEASING = YES;
				CLANG_WARN_BOOL_CONVERSION = YES;
				CLANG_WARN_COMMA = YES;
				CLANG_WARN_CONSTANT_CONVERSION = YES;
				CLANG_WARN_DEPRECATED_OBJC_IMPLEMENTATIONS = YES;
				CLANG_WARN_DIRECT_OBJC_ISA_USAGE = YES_ERROR;
				CLANG_WARN_DOCUMENTATION_COMMENTS = YES;
				CLANG_WARN_EMPTY_BODY = YES;
				CLANG_WARN_ENUM_CONVERSION = YES;
				CLANG_WARN_INFINITE_RECURSION = YES;
				CLANG_WARN_INT_CONVERSION = YES;
				CLANG_WARN_NON_LITERAL_NULL_CONVERSION = YES;
				CLANG_WARN_OBJC_IMPLICIT_RETAIN_SELF = YES;
				CLANG_WARN_OBJC_LITERAL_CONVERSION = YES;
				CLANG_WARN_OBJC_ROOT_CLASS = YES_ERROR;
				CLANG_WARN_QUOTED_INCLUDE_IN_FRAMEWORK_HEADER = YES;
				CLANG_WARN_RANGE_LOOP_ANALYSIS = YES;
				CLANG_WARN_STRICT_PROTOTYPES = YES;
				CLANG_WARN_SUSPICIOUS_MOVE = YES;
				CLANG_WARN_UNGUARDED_AVAILABILITY = YES_AGGRESSIVE;
				CLANG_WARN_UNREACHABLE_CODE = YES;
				CLANG_WARN__DUPLICATE_METHOD_MATCH = YES;
				COPY_PHASE_STRIP = NO;
				DEBUG_INFORMATION_FORMAT = "dwarf-with-dsym";
				ENABLE_NS_ASSERTIONS = NO;
				ENABLE_STRICT_OBJC_MSGSEND = YES;
				ENABLE_USER_SCRIPT_SANDBOXING = YES;
				GCC_C_LANGUAGE_STANDARD = gnu17;
				GCC_NO_COMMON_BLOCKS = YES;
				GCC_WARN_64_TO_32_BIT_CONVERSION = YES;
				GCC_WARN_ABOUT_RETURN_TYPE = YES_ERROR;
				GCC_WARN_UNDECLARED_SELECTOR = YES;
				GCC_WARN_UNINITIALIZED_AUTOS = YES_AGGRESSIVE;
				GCC_WARN_UNUSED_FUNCTION = YES;
				GCC_WARN_UNUSED_VARIABLE = YES;
				IPHONEOS_DEPLOYMENT_TARGET = 17.2;
				LOCALIZATION_PREFERS_STRING_CATALOGS = YES;
				MTL_ENABLE_DEBUG_INFO = NO;
				MTL_FAST_MATH = YES;
				SDKROOT = iphoneos;
				SWIFT_COMPILATION_MODE = wholemodule;
				VALIDATE_PRODUCT = YES;
			};
			name = Release;
		};
		3324CCEE2B8E4930007E2770 /* Debug */ = {
			isa = XCBuildConfiguration;
			buildSettings = {
				ASSETCATALOG_COMPILER_APPICON_NAME = AppIcon;
				ASSETCATALOG_COMPILER_GLOBAL_ACCENT_COLOR_NAME = AccentColor;
				CODE_SIGN_STYLE = Automatic;
				CURRENT_PROJECT_VERSION = 1;
				DEVELOPMENT_ASSET_PATHS = "\"to do list/Preview Content\"";
				ENABLE_PREVIEWS = YES;
				GENERATE_INFOPLIST_FILE = YES;
				INFOPLIST_KEY_UIApplicationSceneManifest_Generation = YES;
				INFOPLIST_KEY_UIApplicationSupportsIndirectInputEvents = YES;
				INFOPLIST_KEY_UILaunchScreen_Generation = YES;
				INFOPLIST_KEY_UISupportedInterfaceOrientations_iPad = "UIInterfaceOrientationPortrait UIInterfaceOrientationPortraitUpsideDown UIInterfaceOrientationLandscapeLeft UIInterfaceOrientationLandscapeRight";
				INFOPLIST_KEY_UISupportedInterfaceOrientations_iPhone = "UIInterfaceOrientationPortrait UIInterfaceOrientationLandscapeLeft UIInterfaceOrientationLandscapeRight";
				LD_RUNPATH_SEARCH_PATHS = (
					"$(inherited)",
					"@executable_path/Frameworks",
				);
				MARKETING_VERSION = 1.0;
				PRODUCT_BUNDLE_IDENTIFIER = "com.metroed.to-do-list";
				PRODUCT_NAME = "$(TARGET_NAME)";
				SWIFT_EMIT_LOC_STRINGS = YES;
				SWIFT_VERSION = 5.0;
				TARGETED_DEVICE_FAMILY = "1,2";
			};
			name = Debug;
		};
		3324CCEF2B8E4930007E2770 /* Release */ = {
			isa = XCBuildConfiguration;
			buildSettings = {
				ASSETCATALOG_COMPILER_APPICON_NAME = AppIcon;
				ASSETCATALOG_COMPILER_GLOBAL_ACCENT_COLOR_NAME = AccentColor;
				CODE_SIGN_STYLE = Automatic;
				CURRENT_PROJECT_VERSION = 1;
				DEVELOPMENT_ASSET_PATHS = "\"to do list/Preview Content\"";
				ENABLE_PREVIEWS = YES;
				GENERATE_INFOPLIST_FILE = YES;
				INFOPLIST_KEY_UIApplicationSceneManifest_Generation = YES;
				INFOPLIST_KEY_UIApplicationSupportsIndirectInputEvents = YES;
				INFOPLIST_KEY_UILaunchScreen_Generation = YES;
				INFOPLIST_KEY_UISupportedInterfaceOrientations_iPad = "UIInterfaceOrientationPortrait UIInterfaceOrientationPortraitUpsideDown UIInterfaceOrientationLandscapeLeft UIInterfaceOrientationLandscapeRight";
				INFOPLIST_KEY_UISupportedInterfaceOrientations_iPhone = "UIInterfaceOrientationPortrait UIInterfaceOrientationLandscapeLeft UIInterfaceOrientationLandscapeRight";
				LD_RUNPATH_SEARCH_PATHS = (
					"$(inherited)",
					"@executable_path/Frameworks",
				);
				MARKETING_VERSION = 1.0;
				PRODUCT_BUNDLE_IDENTIFIER = "com.metroed.to-do-list";
				PRODUCT_NAME = "$(TARGET_NAME)";
				SWIFT_EMIT_LOC_STRINGS = YES;
				SWIFT_VERSION = 5.0;
				TARGETED_DEVICE_FAMILY = "1,2";
			};
			name = Release;
		};
		3324CCF12B8E4930007E2770 /* Debug */ = {
			isa = XCBuildConfiguration;
			buildSettings = {
				ALWAYS_EMBED_SWIFT_STANDARD_LIBRARIES = YES;
				BUNDLE_LOADER = "$(TEST_HOST)";
				CODE_SIGN_STYLE = Automatic;
				CURRENT_PROJECT_VERSION = 1;
				GENERATE_INFOPLIST_FILE = YES;
				IPHONEOS_DEPLOYMENT_TARGET = 17.2;
				MARKETING_VERSION = 1.0;
				PRODUCT_BUNDLE_IDENTIFIER = "com.metroed.to-do-listTests";
				PRODUCT_NAME = "$(TARGET_NAME)";
				SWIFT_EMIT_LOC_STRINGS = NO;
				SWIFT_VERSION = 5.0;
				TARGETED_DEVICE_FAMILY = "1,2";
				TEST_HOST = "$(BUILT_PRODUCTS_DIR)/to do list.app/$(BUNDLE_EXECUTABLE_FOLDER_PATH)/to do list";
			};
			name = Debug;
		};
		3324CCF22B8E4930007E2770 /* Release */ = {
			isa = XCBuildConfiguration;
			buildSettings = {
				ALWAYS_EMBED_SWIFT_STANDARD_LIBRARIES = YES;
				BUNDLE_LOADER = "$(TEST_HOST)";
				CODE_SIGN_STYLE = Automatic;
				CURRENT_PROJECT_VERSION = 1;
				GENERATE_INFOPLIST_FILE = YES;
				IPHONEOS_DEPLOYMENT_TARGET = 17.2;
				MARKETING_VERSION = 1.0;
				PRODUCT_BUNDLE_IDENTIFIER = "com.metroed.to-do-listTests";
				PRODUCT_NAME = "$(TARGET_NAME)";
				SWIFT_EMIT_LOC_STRINGS = NO;
				SWIFT_VERSION = 5.0;
				TARGETED_DEVICE_FAMILY = "1,2";
				TEST_HOST = "$(BUILT_PRODUCTS_DIR)/to do list.app/$(BUNDLE_EXECUTABLE_FOLDER_PATH)/to do list";
			};
			name = Release;
		};
		3324CCF42B8E4930007E2770 /* Debug */ = {
			isa = XCBuildConfiguration;
			buildSettings = {
				ALWAYS_EMBED_SWIFT_STANDARD_LIBRARIES = YES;
				CODE_SIGN_STYLE = Automatic;
				CURRENT_PROJECT_VERSION = 1;
				GENERATE_INFOPLIST_FILE = YES;
				MARKETING_VERSION = 1.0;
				PRODUCT_BUNDLE_IDENTIFIER = "com.metroed.to-do-listUITests";
				PRODUCT_NAME = "$(TARGET_NAME)";
				SWIFT_EMIT_LOC_STRINGS = NO;
				SWIFT_VERSION = 5.0;
				TARGETED_DEVICE_FAMILY = "1,2";
				TEST_TARGET_NAME = "to do list";
			};
			name = Debug;
		};
		3324CCF52B8E4930007E2770 /* Release */ = {
			isa = XCBuildConfiguration;
			buildSettings = {
				ALWAYS_EMBED_SWIFT_STANDARD_LIBRARIES = YES;
				CODE_SIGN_STYLE = Automatic;
				CURRENT_PROJECT_VERSION = 1;
				GENERATE_INFOPLIST_FILE = YES;
				MARKETING_VERSION = 1.0;
				PRODUCT_BUNDLE_IDENTIFIER = "com.metroed.to-do-listUITests";
				PRODUCT_NAME = "$(TARGET_NAME)";
				SWIFT_EMIT_LOC_STRINGS = NO;
				SWIFT_VERSION = 5.0;
				TARGETED_DEVICE_FAMILY = "1,2";
				TEST_TARGET_NAME = "to do list";
			};
			name = Release;
		};
/* End XCBuildConfiguration section */

/* Begin XCConfigurationList section */
		3324CCC42B8E492E007E2770 /* Build configuration list for PBXProject "to do list" */ = {
			isa = XCConfigurationList;
			buildConfigurations = (
				3324CCEB2B8E4930007E2770 /* Debug */,
				3324CCEC2B8E4930007E2770 /* Release */,
			);
			defaultConfigurationIsVisible = 0;
			defaultConfigurationName = Release;
		};
		3324CCED2B8E4930007E2770 /* Build configuration list for PBXNativeTarget "to do list" */ = {
			isa = XCConfigurationList;
			buildConfigurations = (
				3324CCEE2B8E4930007E2770 /* Debug */,
				3324CCEF2B8E4930007E2770 /* Release */,
			);
			defaultConfigurationIsVisible = 0;
			defaultConfigurationName = Release;
		};
		3324CCF02B8E4930007E2770 /* Build configuration list for PBXNativeTarget "to do listTests" */ = {
			isa = XCConfigurationList;
			buildConfigurations = (
				3324CCF12B8E4930007E2770 /* Debug */,
				3324CCF22B8E4930007E2770 /* Release */,
			);
			defaultConfigurationIsVisible = 0;
			defaultConfigurationName = Release;
		};
		3324CCF32B8E4930007E2770 /* Build configuration list for PBXNativeTarget "to do listUITests" */ = {
			isa = XCConfigurationList;
			buildConfigurations = (
				3324CCF42B8E4930007E2770 /* Debug */,
				3324CCF52B8E4930007E2770 /* Release */,
			);
			defaultConfigurationIsVisible = 0;
			defaultConfigurationName = Release;
		};
/* End XCConfigurationList section */
	};
	rootObject = 3324CCC12B8E492E007E2770 /* Project object */;
}
